
Microsoft Visual Studio Solution File, Format Version 12.00
# Visual Studio Version 17
VisualStudioVersion = 17.14.36221.1 d17.14
MinimumVisualStudioVersion = 10.0.40219.1
Project("{FAE04EC0-301F-11D3-BF4B-00C04F79EFBC}") = "EscPosEmulator", "EscPosEmulator.csproj", "{F9C164F0-23FA-4886-BE0C-F1BE2D80030E}"
EndProject
Global
	GlobalSection(SolutionConfigurationPlatforms) = preSolution
		Debug|Any CPU = Debug|Any CPU
		Release|Any CPU = Release|Any CPU
	EndGlobalSection
	GlobalSection(ProjectConfigurationPlatforms) = postSolution
		{F9C164F0-23FA-4886-BE0C-F1BE2D80030E}.Debug|Any CPU.ActiveCfg = Debug|Any CPU
		{F9C164F0-23FA-4886-BE0C-F1BE2D80030E}.Debug|Any CPU.Build.0 = Debug|Any CPU
		{F9C164F0-23FA-4886-BE0C-F1BE2D80030E}.Release|Any CPU.ActiveCfg = Release|Any CPU
		{F9C164F0-23FA-4886-BE0C-F1BE2D80030E}.Release|Any CPU.Build.0 = Release|Any CPU
	EndGlobalSection
	GlobalSection(SolutionProperties) = preSolution
		HideSolutionNode = FALSE
	EndGlobalSection
	GlobalSection(ExtensibilityGlobals) = postSolution
		SolutionGuid = {4627EF3C-E44E-4F93-B204-8F1CB2E55D4E}
	EndGlobalSection
EndGlobal
